
Microsoft Visual Studio Solution File, Format Version 12.00
# Visual Studio Version 17
VisualStudioVersion = 17.10.35201.131
MinimumVisualStudioVersion = 10.0.40219.1
Project("{2150E333-8FDC-42A3-9474-1A3956D46DE8}") = "src", "src", "{F693244B-EF0F-4471-ACFF-B2631C43A066}"
EndProject
Project("{2150E333-8FDC-42A3-9474-1A3956D46DE8}") = "test", "test", "{D285B282-8202-4923-AAA0-D36EF16549A9}"
EndProject
Project("{FAE04EC0-301F-11D3-BF4B-00C04F79EFBC}") = "SimpleAsyncRepository.Abstractions", "SimpleAsyncRepository.Abstractions\SimpleAsyncRepository.Abstractions.csproj", "{3B98C334-2E2F-4165-BA69-8883A0A3F525}"
EndProject
Project("{FAE04EC0-301F-11D3-BF4B-00C04F79EFBC}") = "SimpleAsyncRepository.InMemory", "SimpleAsyncRepository.InMemory\SimpleAsyncRepository.InMemory.csproj", "{C0E1ADEE-51F0-4119-8B73-4640771C126F}"
EndProject
Project("{FAE04EC0-301F-11D3-BF4B-00C04F79EFBC}") = "SimpleAsyncRepository.InMemory.UnitTests", "SimpleAsyncRepository.InMemory.UnitTests\SimpleAsyncRepository.InMemory.UnitTests.csproj", "{B5428AE5-B099-48FE-A5FD-FF213A38FE6D}"
EndProject
Project("{2150E333-8FDC-42A3-9474-1A3956D46DE8}") = "Solution Items", "Solution Items", "{61170037-AA5B-489D-990B-88329ED6D51F}"
	ProjectSection(SolutionItems) = preProject
		Directory.Build.props = Directory.Build.props
		Directory.Packages.props = Directory.Packages.props
		README.md = README.md
	EndProjectSection
EndProject
Global
	GlobalSection(SolutionConfigurationPlatforms) = preSolution
		Debug|Any CPU = Debug|Any CPU
		Release|Any CPU = Release|Any CPU
	EndGlobalSection
	GlobalSection(ProjectConfigurationPlatforms) = postSolution
		{3B98C334-2E2F-4165-BA69-8883A0A3F525}.Debug|Any CPU.ActiveCfg = Debug|Any CPU
		{3B98C334-2E2F-4165-BA69-8883A0A3F525}.Debug|Any CPU.Build.0 = Debug|Any CPU
		{3B98C334-2E2F-4165-BA69-8883A0A3F525}.Release|Any CPU.ActiveCfg = Release|Any CPU
		{3B98C334-2E2F-4165-BA69-8883A0A3F525}.Release|Any CPU.Build.0 = Release|Any CPU
		{C0E1ADEE-51F0-4119-8B73-4640771C126F}.Debug|Any CPU.ActiveCfg = Debug|Any CPU
		{C0E1ADEE-51F0-4119-8B73-4640771C126F}.Debug|Any CPU.Build.0 = Debug|Any CPU
		{C0E1ADEE-51F0-4119-8B73-4640771C126F}.Release|Any CPU.ActiveCfg = Release|Any CPU
		{C0E1ADEE-51F0-4119-8B73-4640771C126F}.Release|Any CPU.Build.0 = Release|Any CPU
		{B5428AE5-B099-48FE-A5FD-FF213A38FE6D}.Debug|Any CPU.ActiveCfg = Debug|Any CPU
		{B5428AE5-B099-48FE-A5FD-FF213A38FE6D}.Debug|Any CPU.Build.0 = Debug|Any CPU
		{B5428AE5-B099-48FE-A5FD-FF213A38FE6D}.Release|Any CPU.ActiveCfg = Release|Any CPU
		{B5428AE5-B099-48FE-A5FD-FF213A38FE6D}.Release|Any CPU.Build.0 = Release|Any CPU
	EndGlobalSection
	GlobalSection(SolutionProperties) = preSolution
		HideSolutionNode = FALSE
	EndGlobalSection
	GlobalSection(NestedProjects) = preSolution
		{3B98C334-2E2F-4165-BA69-8883A0A3F525} = {F693244B-EF0F-4471-ACFF-B2631C43A066}
		{C0E1ADEE-51F0-4119-8B73-4640771C126F} = {F693244B-EF0F-4471-ACFF-B2631C43A066}
		{B5428AE5-B099-48FE-A5FD-FF213A38FE6D} = {D285B282-8202-4923-AAA0-D36EF16549A9}
	EndGlobalSection
	GlobalSection(ExtensibilityGlobals) = postSolution
		SolutionGuid = {6B7F6991-473F-4491-835F-54A52A9375BB}
	EndGlobalSection
EndGlobal
